
Microsoft Visual Studio Solution File, Format Version 12.00
# Visual Studio Version 16
VisualStudioVersion = 16.0.32802.440
MinimumVisualStudioVersion = 10.0.40219.1
Project("{FAE04EC0-301F-11D3-BF4B-00C04F79EFBC}") = "WebCamera", "WebCamera\WebCamera.csproj", "{0E3FFE6E-2C75-471D-8AFA-8AD490E15E67}"
EndProject
Global
	GlobalSection(SolutionConfigurationPlatforms) = preSolution
		Debug|Any CPU = Debug|Any CPU
		Debug|x64 = Debug|x64
		Release|Any CPU = Release|Any CPU
		Release|x64 = Release|x64
	EndGlobalSection
	GlobalSection(ProjectConfigurationPlatforms) = postSolution
		{0E3FFE6E-2C75-471D-8AFA-8AD490E15E67}.Debug|Any CPU.ActiveCfg = Debug|Any CPU
		{0E3FFE6E-2C75-471D-8AFA-8AD490E15E67}.Debug|Any CPU.Build.0 = Debug|Any CPU
		{0E3FFE6E-2C75-471D-8AFA-8AD490E15E67}.Debug|x64.ActiveCfg = Debug|x64
		{0E3FFE6E-2C75-471D-8AFA-8AD490E15E67}.Debug|x64.Build.0 = Debug|x64
		{0E3FFE6E-2C75-471D-8AFA-8AD490E15E67}.Release|Any CPU.ActiveCfg = Release|Any CPU
		{0E3FFE6E-2C75-471D-8AFA-8AD490E15E67}.Release|Any CPU.Build.0 = Release|Any CPU
		{0E3FFE6E-2C75-471D-8AFA-8AD490E15E67}.Release|x64.ActiveCfg = Release|x64
		{0E3FFE6E-2C75-471D-8AFA-8AD490E15E67}.Release|x64.Build.0 = Release|x64
	EndGlobalSection
	GlobalSection(SolutionProperties) = preSolution
		HideSolutionNode = FALSE
	EndGlobalSection
	GlobalSection(ExtensibilityGlobals) = postSolution
		SolutionGuid = {C787CEE9-4B51-4AC6-8C8B-5A6D71C378A5}
	EndGlobalSection
EndGlobal
